
Microsoft Visual Studio Solution File, Format Version 12.00
# Visual Studio Version 16
VisualStudioVersion = 16.0.31321.278
MinimumVisualStudioVersion = 10.0.40219.1
Project("{FAE04EC0-301F-11D3-BF4B-00C04F79EFBC}") = "kafkaDemo", "kafkaDemo\kafkaDemo.csproj", "{F8D918B9-8CD2-4D22-9B76-486DF55BC47C}"
EndProject
Global
	GlobalSection(SolutionConfigurationPlatforms) = preSolution
		Debug|Any CPU = Debug|Any CPU
		Release|Any CPU = Release|Any CPU
	EndGlobalSection
	GlobalSection(ProjectConfigurationPlatforms) = postSolution
		{F8D918B9-8CD2-4D22-9B76-486DF55BC47C}.Debug|Any CPU.ActiveCfg = Debug|Any CPU
		{F8D918B9-8CD2-4D22-9B76-486DF55BC47C}.Debug|Any CPU.Build.0 = Debug|Any CPU
		{F8D918B9-8CD2-4D22-9B76-486DF55BC47C}.Release|Any CPU.ActiveCfg = Release|Any CPU
		{F8D918B9-8CD2-4D22-9B76-486DF55BC47C}.Release|Any CPU.Build.0 = Release|Any CPU
	EndGlobalSection
	GlobalSection(SolutionProperties) = preSolution
		HideSolutionNode = FALSE
	EndGlobalSection
	GlobalSection(ExtensibilityGlobals) = postSolution
		SolutionGuid = {8CC22A72-87E3-4E75-9E49-CE9FB6FD8AC5}
	EndGlobalSection
EndGlobal
